{
  "nodes": {
    "binaries": {
      "flake": false,
      "locked": {
        "lastModified": 1668472292,
        "narHash": "sha256-07dB24lQKrbZTtQObdOQ0abgrmP9PkOgMxfcKmvKQ8Q=",
        "owner": "usertam",
        "repo": "context-minimals",
        "rev": "88c2a99fa2514d5fab10494280ae976a3fc2f60f",
        "type": "github"
      },
      "original": {
        "owner": "usertam",
        "ref": "mirror/binaries",
        "repo": "context-minimals",
        "type": "github"
      }
    },
    "context": {
      "flake": false,
      "locked": {
        "lastModified": 1668464290,
        "narHash": "sha256-CdDnea1euLylNFSmCESRhhk/3/A3grysJK0VLKhufaU=",
        "owner": "contextgarden",
        "repo": "context-mirror",
        "rev": "08473f11287cb263079c0435068312cbc6d736e8",
        "type": "github"
      },
      "original": {
        "owner": "contextgarden",
        "ref": "beta",
        "repo": "context-mirror",
        "type": "github"
      }
    },
    "modules": {
      "flake": false,
      "locked": {
        "lastModified": 1668689426,
        "narHash": "sha256-9gnrMijn8WWxiCpS97+fDcRT1rh5i+tXKINPCmOExmM=",
        "owner": "usertam",
        "repo": "context-minimals",
        "rev": "25a608f9f327d9caa74365a93580fba2301395b0",
        "type": "github"
      },
      "original": {
        "owner": "usertam",
        "ref": "mirror/modules",
        "repo": "context-minimals",
        "type": "github"
      }
    },
    "nixpkgs": {
      "locked": {
        "lastModified": 1668650906,
        "narHash": "sha256-JuiYfDO23O8oxUUOmhQflmOoJovyC5G4RjcYQMQjrRE=",
        "owner": "nixos",
        "repo": "nixpkgs",
        "rev": "3a86856a13c88c8c64ea32082a851fefc79aa700",
        "type": "github"
      },
      "original": {
        "owner": "nixos",
        "ref": "nixpkgs-unstable",
        "repo": "nixpkgs",
        "type": "github"
      }
    },
    "root": {
      "inputs": {
        "binaries": "binaries",
        "context": "context",
        "modules": "modules",
        "nixpkgs": "nixpkgs"
      }
    }
  },
  "root": "root",
  "version": 7
}
