{
  "nodes": {
    "context": {
      "flake": false,
      "locked": {
        "lastModified": 1671639000,
        "narHash": "sha256-BmX5liq68dEYpCmxnDki4tn0ZUNqYF8AuIChX7W4zQk=",
        "owner": "contextgarden",
        "repo": "context",
        "rev": "3425f358b18a20b34fe952aa3e42672d5223eac9",
        "type": "github"
      },
      "original": {
        "owner": "contextgarden",
        "ref": "main",
        "repo": "context",
        "type": "github"
      }
    },
    "luatex": {
      "flake": false,
      "locked": {
        "lastModified": 1666461452,
        "narHash": "sha256-bgpDlES33jZSVbNIc5kV/dtsNwDVTAzJ4SZIBD2xrV4=",
        "owner": "TeX-Live",
        "repo": "luatex",
        "rev": "3f14129c06359e1a06dd2f305c8334a2964149d3",
        "type": "github"
      },
      "original": {
        "owner": "TeX-Live",
        "repo": "luatex",
        "type": "github"
      }
    },
    "modules": {
      "flake": false,
      "locked": {
        "lastModified": 1671653136,
        "narHash": "sha256-LjRyEBtLx3XDFYT5pQR3lt7Soa7VGogL23X2dA8mN1Y=",
        "owner": "usertam",
        "repo": "context-minimals",
        "rev": "8b1c373094efe77de0f176b6634a968db2e33420",
        "type": "github"
      },
      "original": {
        "owner": "usertam",
        "ref": "mirror/modules",
        "repo": "context-minimals",
        "type": "github"
      }
    },
    "nixpkgs": {
      "locked": {
        "lastModified": 1671458120,
        "narHash": "sha256-2+k/OONN4OF21TeoNjKB5sXVZv6Zvm/uEyQIW9OYCg8=",
        "owner": "nixos",
        "repo": "nixpkgs",
        "rev": "e37ef84b478fa8da0ced96522adfd956fde9047a",
        "type": "github"
      },
      "original": {
        "owner": "nixos",
        "ref": "nixpkgs-unstable",
        "repo": "nixpkgs",
        "type": "github"
      }
    },
    "root": {
      "inputs": {
        "context": "context",
        "luatex": "luatex",
        "modules": "modules",
        "nixpkgs": "nixpkgs"
      }
    }
  },
  "root": "root",
  "version": 7
}
