{
  "nodes": {
    "context": {
      "flake": false,
      "locked": {
        "lastModified": 1672320540,
        "narHash": "sha256-UsPitjPBBX24YfSC+vVvjWA8TAyHYl8MBDbulJvbFpI=",
        "owner": "contextgarden",
        "repo": "context",
        "rev": "3e5603284d8a1bb64f3e27c612f2155ad61cd381",
        "type": "github"
      },
      "original": {
        "owner": "contextgarden",
        "ref": "main",
        "repo": "context",
        "type": "github"
      }
    },
    "luatex": {
      "flake": false,
      "locked": {
        "lastModified": 1666461452,
        "narHash": "sha256-bgpDlES33jZSVbNIc5kV/dtsNwDVTAzJ4SZIBD2xrV4=",
        "owner": "TeX-Live",
        "repo": "luatex",
        "rev": "3f14129c06359e1a06dd2f305c8334a2964149d3",
        "type": "github"
      },
      "original": {
        "owner": "TeX-Live",
        "repo": "luatex",
        "type": "github"
      }
    },
    "modules": {
      "flake": false,
      "locked": {
        "lastModified": 1671653136,
        "narHash": "sha256-LjRyEBtLx3XDFYT5pQR3lt7Soa7VGogL23X2dA8mN1Y=",
        "owner": "usertam",
        "repo": "context-minimals",
        "rev": "8b1c373094efe77de0f176b6634a968db2e33420",
        "type": "github"
      },
      "original": {
        "owner": "usertam",
        "ref": "mirror/modules",
        "repo": "context-minimals",
        "type": "github"
      }
    },
    "nixpkgs": {
      "locked": {
        "lastModified": 1672249180,
        "narHash": "sha256-ipos/gTMHqxS39asqNWEJZ7nXdcTHa0TB0AIZXkGapg=",
        "owner": "nixos",
        "repo": "nixpkgs",
        "rev": "e58a7747db96c23b8a977e7c1bbfc5753b81b6fa",
        "type": "github"
      },
      "original": {
        "owner": "nixos",
        "ref": "nixpkgs-unstable",
        "repo": "nixpkgs",
        "type": "github"
      }
    },
    "root": {
      "inputs": {
        "context": "context",
        "luatex": "luatex",
        "modules": "modules",
        "nixpkgs": "nixpkgs"
      }
    }
  },
  "root": "root",
  "version": 7
}
